
Microsoft Visual Studio Solution File, Format Version 12.00
# Visual Studio Version 17
VisualStudioVersion = 17.5.33530.505
MinimumVisualStudioVersion = 10.0.40219.1
Project("{FAE04EC0-301F-11D3-BF4B-00C04F79EFBC}") = "ClientServerWk1", "ClientServerWk1\ClientServerWk1.csproj", "{9B6CF792-84C7-4C42-8A3E-502B9AE49BA1}"
EndProject
Global
	GlobalSection(SolutionConfigurationPlatforms) = preSolution
		Debug|Any CPU = Debug|Any CPU
		Release|Any CPU = Release|Any CPU
	EndGlobalSection
	GlobalSection(ProjectConfigurationPlatforms) = postSolution
		{9B6CF792-84C7-4C42-8A3E-502B9AE49BA1}.Debug|Any CPU.ActiveCfg = Debug|Any CPU
		{9B6CF792-84C7-4C42-8A3E-502B9AE49BA1}.Debug|Any CPU.Build.0 = Debug|Any CPU
		{9B6CF792-84C7-4C42-8A3E-502B9AE49BA1}.Release|Any CPU.ActiveCfg = Release|Any CPU
		{9B6CF792-84C7-4C42-8A3E-502B9AE49BA1}.Release|Any CPU.Build.0 = Release|Any CPU
	EndGlobalSection
	GlobalSection(SolutionProperties) = preSolution
		HideSolutionNode = FALSE
	EndGlobalSection
	GlobalSection(ExtensibilityGlobals) = postSolution
		SolutionGuid = {334EE9FB-FE3F-41A1-AE28-995F2B37CA08}
	EndGlobalSection
EndGlobal
